
Microsoft Visual Studio Solution File, Format Version 12.00
# Visual Studio Version 17
VisualStudioVersion = 17.8.34330.188
MinimumVisualStudioVersion = 10.0.40219.1
Project("{9A19103F-16F7-4668-BE54-9A1E7A4F7556}") = "IydePersonal.WEB", "IydePersenal\IydePersonal.WEB.csproj", "{3E605ED3-BB2B-4C35-965D-18B3F75BA69F}"
EndProject
Project("{9A19103F-16F7-4668-BE54-9A1E7A4F7556}") = "IydePersonal.Domain", "IydePersonal.Domain\IydePersonal.Domain.csproj", "{D5BD1A43-B7B6-436B-B8AA-5CC9D5F6DD67}"
EndProject
Project("{9A19103F-16F7-4668-BE54-9A1E7A4F7556}") = "IydePersonal.Infrastructure", "IydePersonal.Infrastructure\IydePersonal.Infrastructure.csproj", "{11769488-43DD-4F76-9239-CB4033A5A7CD}"
EndProject
Project("{9A19103F-16F7-4668-BE54-9A1E7A4F7556}") = "IydePersonal.Application", "IydePersonal.Application\IydePersonal.Application.csproj", "{0B7EE4B4-763F-4FCC-BF7B-B3A761057163}"
EndProject
Project("{9A19103F-16F7-4668-BE54-9A1E7A4F7556}") = "IydePersonal.API", "IydePersonal.API\IydePersonal.API.csproj", "{6AB10B18-1F62-41A2-9353-07455C3C22AF}"
EndProject
Project("{FAE04EC0-301F-11D3-BF4B-00C04F79EFBC}") = "WebApplication1", "WebApplication1\WebApplication1.csproj", "{61BF7002-4244-4DE8-B0D4-34BD324C5FEB}"
EndProject
Global
	GlobalSection(SolutionConfigurationPlatforms) = preSolution
		Debug|Any CPU = Debug|Any CPU
		Release|Any CPU = Release|Any CPU
	EndGlobalSection
	GlobalSection(ProjectConfigurationPlatforms) = postSolution
		{3E605ED3-BB2B-4C35-965D-18B3F75BA69F}.Debug|Any CPU.ActiveCfg = Debug|Any CPU
		{3E605ED3-BB2B-4C35-965D-18B3F75BA69F}.Debug|Any CPU.Build.0 = Debug|Any CPU
		{3E605ED3-BB2B-4C35-965D-18B3F75BA69F}.Release|Any CPU.ActiveCfg = Release|Any CPU
		{3E605ED3-BB2B-4C35-965D-18B3F75BA69F}.Release|Any CPU.Build.0 = Release|Any CPU
		{D5BD1A43-B7B6-436B-B8AA-5CC9D5F6DD67}.Debug|Any CPU.ActiveCfg = Debug|Any CPU
		{D5BD1A43-B7B6-436B-B8AA-5CC9D5F6DD67}.Debug|Any CPU.Build.0 = Debug|Any CPU
		{D5BD1A43-B7B6-436B-B8AA-5CC9D5F6DD67}.Release|Any CPU.ActiveCfg = Release|Any CPU
		{D5BD1A43-B7B6-436B-B8AA-5CC9D5F6DD67}.Release|Any CPU.Build.0 = Release|Any CPU
		{11769488-43DD-4F76-9239-CB4033A5A7CD}.Debug|Any CPU.ActiveCfg = Debug|Any CPU
		{11769488-43DD-4F76-9239-CB4033A5A7CD}.Debug|Any CPU.Build.0 = Debug|Any CPU
		{11769488-43DD-4F76-9239-CB4033A5A7CD}.Release|Any CPU.ActiveCfg = Release|Any CPU
		{11769488-43DD-4F76-9239-CB4033A5A7CD}.Release|Any CPU.Build.0 = Release|Any CPU
		{0B7EE4B4-763F-4FCC-BF7B-B3A761057163}.Debug|Any CPU.ActiveCfg = Debug|Any CPU
		{0B7EE4B4-763F-4FCC-BF7B-B3A761057163}.Debug|Any CPU.Build.0 = Debug|Any CPU
		{0B7EE4B4-763F-4FCC-BF7B-B3A761057163}.Release|Any CPU.ActiveCfg = Release|Any CPU
		{0B7EE4B4-763F-4FCC-BF7B-B3A761057163}.Release|Any CPU.Build.0 = Release|Any CPU
		{6AB10B18-1F62-41A2-9353-07455C3C22AF}.Debug|Any CPU.ActiveCfg = Debug|Any CPU
		{6AB10B18-1F62-41A2-9353-07455C3C22AF}.Debug|Any CPU.Build.0 = Debug|Any CPU
		{6AB10B18-1F62-41A2-9353-07455C3C22AF}.Release|Any CPU.ActiveCfg = Release|Any CPU
		{6AB10B18-1F62-41A2-9353-07455C3C22AF}.Release|Any CPU.Build.0 = Release|Any CPU
		{61BF7002-4244-4DE8-B0D4-34BD324C5FEB}.Debug|Any CPU.ActiveCfg = Debug|Any CPU
		{61BF7002-4244-4DE8-B0D4-34BD324C5FEB}.Debug|Any CPU.Build.0 = Debug|Any CPU
		{61BF7002-4244-4DE8-B0D4-34BD324C5FEB}.Release|Any CPU.ActiveCfg = Release|Any CPU
		{61BF7002-4244-4DE8-B0D4-34BD324C5FEB}.Release|Any CPU.Build.0 = Release|Any CPU
	EndGlobalSection
	GlobalSection(SolutionProperties) = preSolution
		HideSolutionNode = FALSE
	EndGlobalSection
	GlobalSection(ExtensibilityGlobals) = postSolution
		SolutionGuid = {4A13D57A-7BF9-49CC-9006-72075842B2F8}
	EndGlobalSection
EndGlobal
